
Microsoft Visual Studio Solution File, Format Version 12.00
# Visual Studio Version 17
VisualStudioVersion = 17.14.37314.3 d17.14
MinimumVisualStudioVersion = 10.0.40219.1
Project("{FAE04EC0-301F-11D3-BF4B-00C04F79EFBC}") = "TorneosFutbolMVC", "TorneosFutbolMVC.csproj", "{DE7F14CA-FA07-4C06-8013-CCEB436CD461}"
EndProject
Global
	GlobalSection(SolutionConfigurationPlatforms) = preSolution
		Debug|Any CPU = Debug|Any CPU
		Release|Any CPU = Release|Any CPU
	EndGlobalSection
	GlobalSection(ProjectConfigurationPlatforms) = postSolution
		{DE7F14CA-FA07-4C06-8013-CCEB436CD461}.Debug|Any CPU.ActiveCfg = Debug|Any CPU
		{DE7F14CA-FA07-4C06-8013-CCEB436CD461}.Debug|Any CPU.Build.0 = Debug|Any CPU
		{DE7F14CA-FA07-4C06-8013-CCEB436CD461}.Release|Any CPU.ActiveCfg = Release|Any CPU
		{DE7F14CA-FA07-4C06-8013-CCEB436CD461}.Release|Any CPU.Build.0 = Release|Any CPU
	EndGlobalSection
	GlobalSection(SolutionProperties) = preSolution
		HideSolutionNode = FALSE
	EndGlobalSection
	GlobalSection(ExtensibilityGlobals) = postSolution
		SolutionGuid = {A625247A-4EDA-4B12-86A1-986443539985}
	EndGlobalSection
EndGlobal
